
Microsoft Visual Studio Solution File, Format Version 12.00
Project("{2150E333-8FDC-42A3-9474-1A3956D46DE8}") = "src", "src", "{6CE62382-AA0F-47A0-B5B1-2BBC438FEC69}"
EndProject
Project("{2150E333-8FDC-42A3-9474-1A3956D46DE8}") = "XmlParser", "XmlParser", "{ED12C1A4-62C8-4DBA-8648-31C13A3B97FB}"
EndProject
Project("{FAE04EC0-301F-11D3-BF4B-00C04F79EFBC}") = "XmlParser", "src\XmlParser\XmlParser\XmlParser.csproj", "{3D9573D7-701E-4A09-81B4-9E200E4E138D}"
EndProject
Project("{FAE04EC0-301F-11D3-BF4B-00C04F79EFBC}") = "XmlParser.Tests", "src\XmlParser\XmlParser.Tests\XmlParser.Tests.csproj", "{D34BFDCA-7EBD-4364-965A-CD8F7069663D}"
EndProject
Global
	GlobalSection(SolutionConfigurationPlatforms) = preSolution
		Debug|Any CPU = Debug|Any CPU
		Release|Any CPU = Release|Any CPU
	EndGlobalSection
	GlobalSection(NestedProjects) = preSolution
		{ED12C1A4-62C8-4DBA-8648-31C13A3B97FB} = {6CE62382-AA0F-47A0-B5B1-2BBC438FEC69}
		{3D9573D7-701E-4A09-81B4-9E200E4E138D} = {ED12C1A4-62C8-4DBA-8648-31C13A3B97FB}
		{D34BFDCA-7EBD-4364-965A-CD8F7069663D} = {ED12C1A4-62C8-4DBA-8648-31C13A3B97FB}
	EndGlobalSection
	GlobalSection(ProjectConfigurationPlatforms) = postSolution
		{3D9573D7-701E-4A09-81B4-9E200E4E138D}.Debug|Any CPU.ActiveCfg = Debug|Any CPU
		{3D9573D7-701E-4A09-81B4-9E200E4E138D}.Debug|Any CPU.Build.0 = Debug|Any CPU
		{3D9573D7-701E-4A09-81B4-9E200E4E138D}.Release|Any CPU.ActiveCfg = Release|Any CPU
		{3D9573D7-701E-4A09-81B4-9E200E4E138D}.Release|Any CPU.Build.0 = Release|Any CPU
		{D34BFDCA-7EBD-4364-965A-CD8F7069663D}.Debug|Any CPU.ActiveCfg = Debug|Any CPU
		{D34BFDCA-7EBD-4364-965A-CD8F7069663D}.Debug|Any CPU.Build.0 = Debug|Any CPU
		{D34BFDCA-7EBD-4364-965A-CD8F7069663D}.Release|Any CPU.ActiveCfg = Release|Any CPU
		{D34BFDCA-7EBD-4364-965A-CD8F7069663D}.Release|Any CPU.Build.0 = Release|Any CPU
	EndGlobalSection
EndGlobal
